
Microsoft Visual Studio Solution File, Format Version 12.00
# Visual Studio Version 17
VisualStudioVersion = 17.8.34511.84
MinimumVisualStudioVersion = 10.0.40219.1
Project("{FAE04EC0-301F-11D3-BF4B-00C04F79EFBC}") = "Switch2", "Switch2\Switch2.csproj", "{C642F4E8-ED2D-41BA-B28B-0A8761377C8A}"
EndProject
Global
	GlobalSection(SolutionConfigurationPlatforms) = preSolution
		Debug|Any CPU = Debug|Any CPU
		Release|Any CPU = Release|Any CPU
	EndGlobalSection
	GlobalSection(ProjectConfigurationPlatforms) = postSolution
		{C642F4E8-ED2D-41BA-B28B-0A8761377C8A}.Debug|Any CPU.ActiveCfg = Debug|Any CPU
		{C642F4E8-ED2D-41BA-B28B-0A8761377C8A}.Debug|Any CPU.Build.0 = Debug|Any CPU
		{C642F4E8-ED2D-41BA-B28B-0A8761377C8A}.Release|Any CPU.ActiveCfg = Release|Any CPU
		{C642F4E8-ED2D-41BA-B28B-0A8761377C8A}.Release|Any CPU.Build.0 = Release|Any CPU
	EndGlobalSection
	GlobalSection(SolutionProperties) = preSolution
		HideSolutionNode = FALSE
	EndGlobalSection
	GlobalSection(ExtensibilityGlobals) = postSolution
		SolutionGuid = {5E728D90-1965-47F0-8868-1F72FE5ADF17}
	EndGlobalSection
EndGlobal
